
Microsoft Visual Studio Solution File, Format Version 12.00
Project("{FAE04EC0-301F-11D3-BF4B-00C04F79EFBC}") = "BGCS.CppAst", "src\BGCS.CppAst\BGCS.CppAst.csproj", "{5372892F-55BE-4327-9110-067661C3B8E2}"
EndProject
Project("{FAE04EC0-301F-11D3-BF4B-00C04F79EFBC}") = "BGCS.Core", "src\BGCS.Core\BGCS.Core.csproj", "{A09E6F8D-7065-40F0-AC35-A0E04DB28515}"
EndProject
Project("{FAE04EC0-301F-11D3-BF4B-00C04F79EFBC}") = "BGCS.Language", "src\BGCS.Language\BGCS.Language.csproj", "{9BC90104-FB11-47B3-BDD3-CFD0AA7B8064}"
EndProject
Project("{FAE04EC0-301F-11D3-BF4B-00C04F79EFBC}") = "BGCS", "src\BGCS\BGCS.csproj", "{F2CD241C-2D27-40F0-AD75-8212CD8CBDEF}"
EndProject
Project("{FAE04EC0-301F-11D3-BF4B-00C04F79EFBC}") = "BGCS.Cpp2C", "src\BGCS.Cpp2C\BGCS.Cpp2C.csproj", "{857C7FD0-7777-467D-872E-B7B7C6327238}"
EndProject
Project("{FAE04EC0-301F-11D3-BF4B-00C04F79EFBC}") = "BGCS.Runtime", "src\BGCS.Runtime\BGCS.Runtime.csproj", "{8FA23344-595F-47FC-BB59-F66CCEF4D2FC}"
EndProject
Project("{2150E333-8FDC-42A3-9474-1A3956D46DE8}") = "src", "src", "{E4F307D3-BE82-4DF0-B990-6BE2F0A6D411}"
EndProject
Project("{2150E333-8FDC-42A3-9474-1A3956D46DE8}") = "tests", "tests", "{ACB584FA-18E8-4D23-93A3-BCD836875A06}"
EndProject
Project("{FAE04EC0-301F-11D3-BF4B-00C04F79EFBC}") = "BGCS.CppAst.Tests", "tests\BGCS.CppAst.Tests\BGCS.CppAst.Tests.csproj", "{23C9DB6B-6CED-4EE0-9AC5-61498597F4A9}"
EndProject
Project("{FAE04EC0-301F-11D3-BF4B-00C04F79EFBC}") = "BGCS.Core.Tests", "tests\BGCS.Core.Tests\BGCS.Core.Tests.csproj", "{64A2A7DF-6DD4-4CC0-8C49-1364ED85E618}"
EndProject
Project("{FAE04EC0-301F-11D3-BF4B-00C04F79EFBC}") = "BGCS.Language.Tests", "tests\BGCS.Language.Tests\BGCS.Language.Tests.csproj", "{6C990978-249B-4E89-A96A-2CDE1B52421E}"
EndProject
Project("{FAE04EC0-301F-11D3-BF4B-00C04F79EFBC}") = "BGCS.Tests", "tests\BGCS.Tests\BGCS.Tests.csproj", "{017A32E7-AF65-47D7-BA90-B177F799DA8C}"
EndProject
Project("{FAE04EC0-301F-11D3-BF4B-00C04F79EFBC}") = "BGCS.Cpp2C.Tests", "tests\BGCS.Cpp2C.Tests\BGCS.Cpp2C.Tests.csproj", "{096BC62D-E75F-4B48-8D99-218441F6768B}"
EndProject
Project("{FAE04EC0-301F-11D3-BF4B-00C04F79EFBC}") = "BGCS.Runtime.Tests", "tests\BGCS.Runtime.Tests\BGCS.Runtime.Tests.csproj", "{D92D6998-D63D-4F95-8ADE-2EAF4306D2F0}"
EndProject
Project("{FAE04EC0-301F-11D3-BF4B-00C04F79EFBC}") = "BGCS.Generation.Tests", "tests\BGCS.Generation.Tests\BGCS.Generation.Tests.csproj", "{5E0B26B4-E5ED-4C9D-89A9-A898063E1278}"
EndProject
Project("{FAE04EC0-301F-11D3-BF4B-00C04F79EFBC}") = "BGCS.Patching.Tests", "tests\BGCS.Patching.Tests\BGCS.Patching.Tests.csproj", "{544990C8-4BE0-4BFA-9A12-F11FCDE226AE}"
EndProject
Project("{FAE04EC0-301F-11D3-BF4B-00C04F79EFBC}") = "BGCS.Configuration.Tests", "tests\BGCS.Configuration.Tests\BGCS.Configuration.Tests.csproj", "{6D2C937E-DC28-4040-8482-D11EA0868CE4}"
EndProject
Project("{FAE04EC0-301F-11D3-BF4B-00C04F79EFBC}") = "BGCS.Cpp2C.Configuration.Tests", "tests\BGCS.Cpp2C.Configuration.Tests\BGCS.Cpp2C.Configuration.Tests.csproj", "{C164C618-5783-4691-A57B-2CE01D69F563}"
EndProject
Project("{2150E333-8FDC-42A3-9474-1A3956D46DE8}") = "demo", "demo", "{A83267CD-EFF1-4164-9573-3BAF8C24827C}"
EndProject
Project("{FAE04EC0-301F-11D3-BF4B-00C04F79EFBC}") = "BGCS.Cpp2C.Demo", "demo\BGCS.Cpp2C.Demo\BGCS.Cpp2C.Demo.csproj", "{0B36AE03-3D6C-4B2A-9570-B482ED2BC21D}"
EndProject
Project("{FAE04EC0-301F-11D3-BF4B-00C04F79EFBC}") = "BGCS.Demo", "demo\BGCS.Demo\BGCS.Demo.csproj", "{B7E9A2AC-47EF-49B5-9367-7EE4249A0C67}"
EndProject
Project("{2150E333-8FDC-42A3-9474-1A3956D46DE8}") = "core", "core", "{E8178168-BF1D-4D9F-8929-724876E11520}"
EndProject
Project("{2150E333-8FDC-42A3-9474-1A3956D46DE8}") = "runtime", "runtime", "{BD9A8C92-F640-4B9A-9D15-9D79B9806165}"
EndProject
Project("{2150E333-8FDC-42A3-9474-1A3956D46DE8}") = "generator", "generator", "{A630FD52-C3C6-446F-ACF2-F70E34950399}"
EndProject
Global
	GlobalSection(SolutionConfigurationPlatforms) = preSolution
		Debug|Any CPU = Debug|Any CPU
		Release|Any CPU = Release|Any CPU
	EndGlobalSection
	GlobalSection(ProjectConfigurationPlatforms) = postSolution
		{5372892F-55BE-4327-9110-067661C3B8E2}.Debug|Any CPU.ActiveCfg = Debug|Any CPU
		{5372892F-55BE-4327-9110-067661C3B8E2}.Debug|Any CPU.Build.0 = Debug|Any CPU
		{5372892F-55BE-4327-9110-067661C3B8E2}.Release|Any CPU.ActiveCfg = Release|Any CPU
		{5372892F-55BE-4327-9110-067661C3B8E2}.Release|Any CPU.Build.0 = Release|Any CPU
		{A09E6F8D-7065-40F0-AC35-A0E04DB28515}.Debug|Any CPU.ActiveCfg = Debug|Any CPU
		{A09E6F8D-7065-40F0-AC35-A0E04DB28515}.Debug|Any CPU.Build.0 = Debug|Any CPU
		{A09E6F8D-7065-40F0-AC35-A0E04DB28515}.Release|Any CPU.ActiveCfg = Release|Any CPU
		{A09E6F8D-7065-40F0-AC35-A0E04DB28515}.Release|Any CPU.Build.0 = Release|Any CPU
		{9BC90104-FB11-47B3-BDD3-CFD0AA7B8064}.Debug|Any CPU.ActiveCfg = Debug|Any CPU
		{9BC90104-FB11-47B3-BDD3-CFD0AA7B8064}.Debug|Any CPU.Build.0 = Debug|Any CPU
		{9BC90104-FB11-47B3-BDD3-CFD0AA7B8064}.Release|Any CPU.ActiveCfg = Release|Any CPU
		{9BC90104-FB11-47B3-BDD3-CFD0AA7B8064}.Release|Any CPU.Build.0 = Release|Any CPU
		{F2CD241C-2D27-40F0-AD75-8212CD8CBDEF}.Debug|Any CPU.ActiveCfg = Debug|Any CPU
		{F2CD241C-2D27-40F0-AD75-8212CD8CBDEF}.Debug|Any CPU.Build.0 = Debug|Any CPU
		{F2CD241C-2D27-40F0-AD75-8212CD8CBDEF}.Release|Any CPU.ActiveCfg = Release|Any CPU
		{F2CD241C-2D27-40F0-AD75-8212CD8CBDEF}.Release|Any CPU.Build.0 = Release|Any CPU
		{857C7FD0-7777-467D-872E-B7B7C6327238}.Debug|Any CPU.ActiveCfg = Debug|Any CPU
		{857C7FD0-7777-467D-872E-B7B7C6327238}.Debug|Any CPU.Build.0 = Debug|Any CPU
		{857C7FD0-7777-467D-872E-B7B7C6327238}.Release|Any CPU.ActiveCfg = Release|Any CPU
		{857C7FD0-7777-467D-872E-B7B7C6327238}.Release|Any CPU.Build.0 = Release|Any CPU
		{8FA23344-595F-47FC-BB59-F66CCEF4D2FC}.Debug|Any CPU.ActiveCfg = Debug|Any CPU
		{8FA23344-595F-47FC-BB59-F66CCEF4D2FC}.Debug|Any CPU.Build.0 = Debug|Any CPU
		{8FA23344-595F-47FC-BB59-F66CCEF4D2FC}.Release|Any CPU.ActiveCfg = Release|Any CPU
		{8FA23344-595F-47FC-BB59-F66CCEF4D2FC}.Release|Any CPU.Build.0 = Release|Any CPU
		{23C9DB6B-6CED-4EE0-9AC5-61498597F4A9}.Debug|Any CPU.ActiveCfg = Debug|Any CPU
		{23C9DB6B-6CED-4EE0-9AC5-61498597F4A9}.Debug|Any CPU.Build.0 = Debug|Any CPU
		{23C9DB6B-6CED-4EE0-9AC5-61498597F4A9}.Release|Any CPU.ActiveCfg = Release|Any CPU
		{23C9DB6B-6CED-4EE0-9AC5-61498597F4A9}.Release|Any CPU.Build.0 = Release|Any CPU
		{64A2A7DF-6DD4-4CC0-8C49-1364ED85E618}.Debug|Any CPU.ActiveCfg = Debug|Any CPU
		{64A2A7DF-6DD4-4CC0-8C49-1364ED85E618}.Debug|Any CPU.Build.0 = Debug|Any CPU
		{64A2A7DF-6DD4-4CC0-8C49-1364ED85E618}.Release|Any CPU.ActiveCfg = Release|Any CPU
		{64A2A7DF-6DD4-4CC0-8C49-1364ED85E618}.Release|Any CPU.Build.0 = Release|Any CPU
		{6C990978-249B-4E89-A96A-2CDE1B52421E}.Debug|Any CPU.ActiveCfg = Debug|Any CPU
		{6C990978-249B-4E89-A96A-2CDE1B52421E}.Debug|Any CPU.Build.0 = Debug|Any CPU
		{6C990978-249B-4E89-A96A-2CDE1B52421E}.Release|Any CPU.ActiveCfg = Release|Any CPU
		{6C990978-249B-4E89-A96A-2CDE1B52421E}.Release|Any CPU.Build.0 = Release|Any CPU
		{017A32E7-AF65-47D7-BA90-B177F799DA8C}.Debug|Any CPU.ActiveCfg = Debug|Any CPU
		{017A32E7-AF65-47D7-BA90-B177F799DA8C}.Debug|Any CPU.Build.0 = Debug|Any CPU
		{017A32E7-AF65-47D7-BA90-B177F799DA8C}.Release|Any CPU.ActiveCfg = Release|Any CPU
		{017A32E7-AF65-47D7-BA90-B177F799DA8C}.Release|Any CPU.Build.0 = Release|Any CPU
		{096BC62D-E75F-4B48-8D99-218441F6768B}.Debug|Any CPU.ActiveCfg = Debug|Any CPU
		{096BC62D-E75F-4B48-8D99-218441F6768B}.Debug|Any CPU.Build.0 = Debug|Any CPU
		{096BC62D-E75F-4B48-8D99-218441F6768B}.Release|Any CPU.ActiveCfg = Release|Any CPU
		{096BC62D-E75F-4B48-8D99-218441F6768B}.Release|Any CPU.Build.0 = Release|Any CPU
		{D92D6998-D63D-4F95-8ADE-2EAF4306D2F0}.Debug|Any CPU.ActiveCfg = Debug|Any CPU
		{D92D6998-D63D-4F95-8ADE-2EAF4306D2F0}.Debug|Any CPU.Build.0 = Debug|Any CPU
		{D92D6998-D63D-4F95-8ADE-2EAF4306D2F0}.Release|Any CPU.ActiveCfg = Release|Any CPU
		{D92D6998-D63D-4F95-8ADE-2EAF4306D2F0}.Release|Any CPU.Build.0 = Release|Any CPU
		{5E0B26B4-E5ED-4C9D-89A9-A898063E1278}.Debug|Any CPU.ActiveCfg = Debug|Any CPU
		{5E0B26B4-E5ED-4C9D-89A9-A898063E1278}.Debug|Any CPU.Build.0 = Debug|Any CPU
		{5E0B26B4-E5ED-4C9D-89A9-A898063E1278}.Release|Any CPU.ActiveCfg = Release|Any CPU
		{5E0B26B4-E5ED-4C9D-89A9-A898063E1278}.Release|Any CPU.Build.0 = Release|Any CPU
		{544990C8-4BE0-4BFA-9A12-F11FCDE226AE}.Debug|Any CPU.ActiveCfg = Debug|Any CPU
		{544990C8-4BE0-4BFA-9A12-F11FCDE226AE}.Debug|Any CPU.Build.0 = Debug|Any CPU
		{544990C8-4BE0-4BFA-9A12-F11FCDE226AE}.Release|Any CPU.ActiveCfg = Release|Any CPU
		{544990C8-4BE0-4BFA-9A12-F11FCDE226AE}.Release|Any CPU.Build.0 = Release|Any CPU
		{6D2C937E-DC28-4040-8482-D11EA0868CE4}.Debug|Any CPU.ActiveCfg = Debug|Any CPU
		{6D2C937E-DC28-4040-8482-D11EA0868CE4}.Debug|Any CPU.Build.0 = Debug|Any CPU
		{6D2C937E-DC28-4040-8482-D11EA0868CE4}.Release|Any CPU.ActiveCfg = Release|Any CPU
		{6D2C937E-DC28-4040-8482-D11EA0868CE4}.Release|Any CPU.Build.0 = Release|Any CPU
		{C164C618-5783-4691-A57B-2CE01D69F563}.Debug|Any CPU.ActiveCfg = Debug|Any CPU
		{C164C618-5783-4691-A57B-2CE01D69F563}.Debug|Any CPU.Build.0 = Debug|Any CPU
		{C164C618-5783-4691-A57B-2CE01D69F563}.Release|Any CPU.ActiveCfg = Release|Any CPU
		{C164C618-5783-4691-A57B-2CE01D69F563}.Release|Any CPU.Build.0 = Release|Any CPU
		{0B36AE03-3D6C-4B2A-9570-B482ED2BC21D}.Debug|Any CPU.ActiveCfg = Debug|Any CPU
		{0B36AE03-3D6C-4B2A-9570-B482ED2BC21D}.Debug|Any CPU.Build.0 = Debug|Any CPU
		{0B36AE03-3D6C-4B2A-9570-B482ED2BC21D}.Release|Any CPU.ActiveCfg = Release|Any CPU
		{0B36AE03-3D6C-4B2A-9570-B482ED2BC21D}.Release|Any CPU.Build.0 = Release|Any CPU
		{B7E9A2AC-47EF-49B5-9367-7EE4249A0C67}.Debug|Any CPU.ActiveCfg = Debug|Any CPU
		{B7E9A2AC-47EF-49B5-9367-7EE4249A0C67}.Debug|Any CPU.Build.0 = Debug|Any CPU
		{B7E9A2AC-47EF-49B5-9367-7EE4249A0C67}.Release|Any CPU.ActiveCfg = Release|Any CPU
		{B7E9A2AC-47EF-49B5-9367-7EE4249A0C67}.Release|Any CPU.Build.0 = Release|Any CPU
	EndGlobalSection
	GlobalSection(NestedProjects) = preSolution
		{23C9DB6B-6CED-4EE0-9AC5-61498597F4A9} = {ACB584FA-18E8-4D23-93A3-BCD836875A06}
		{64A2A7DF-6DD4-4CC0-8C49-1364ED85E618} = {ACB584FA-18E8-4D23-93A3-BCD836875A06}
		{6C990978-249B-4E89-A96A-2CDE1B52421E} = {ACB584FA-18E8-4D23-93A3-BCD836875A06}
		{017A32E7-AF65-47D7-BA90-B177F799DA8C} = {ACB584FA-18E8-4D23-93A3-BCD836875A06}
		{096BC62D-E75F-4B48-8D99-218441F6768B} = {ACB584FA-18E8-4D23-93A3-BCD836875A06}
		{D92D6998-D63D-4F95-8ADE-2EAF4306D2F0} = {ACB584FA-18E8-4D23-93A3-BCD836875A06}
		{5E0B26B4-E5ED-4C9D-89A9-A898063E1278} = {ACB584FA-18E8-4D23-93A3-BCD836875A06}
		{544990C8-4BE0-4BFA-9A12-F11FCDE226AE} = {ACB584FA-18E8-4D23-93A3-BCD836875A06}
		{6D2C937E-DC28-4040-8482-D11EA0868CE4} = {ACB584FA-18E8-4D23-93A3-BCD836875A06}
		{C164C618-5783-4691-A57B-2CE01D69F563} = {ACB584FA-18E8-4D23-93A3-BCD836875A06}
		{0B36AE03-3D6C-4B2A-9570-B482ED2BC21D} = {A83267CD-EFF1-4164-9573-3BAF8C24827C}
		{B7E9A2AC-47EF-49B5-9367-7EE4249A0C67} = {A83267CD-EFF1-4164-9573-3BAF8C24827C}
		{E8178168-BF1D-4D9F-8929-724876E11520} = {E4F307D3-BE82-4DF0-B990-6BE2F0A6D411}
		{A09E6F8D-7065-40F0-AC35-A0E04DB28515} = {E8178168-BF1D-4D9F-8929-724876E11520}
		{5372892F-55BE-4327-9110-067661C3B8E2} = {E8178168-BF1D-4D9F-8929-724876E11520}
		{9BC90104-FB11-47B3-BDD3-CFD0AA7B8064} = {E8178168-BF1D-4D9F-8929-724876E11520}
		{BD9A8C92-F640-4B9A-9D15-9D79B9806165} = {E4F307D3-BE82-4DF0-B990-6BE2F0A6D411}
		{8FA23344-595F-47FC-BB59-F66CCEF4D2FC} = {BD9A8C92-F640-4B9A-9D15-9D79B9806165}
		{A630FD52-C3C6-446F-ACF2-F70E34950399} = {E4F307D3-BE82-4DF0-B990-6BE2F0A6D411}
		{F2CD241C-2D27-40F0-AD75-8212CD8CBDEF} = {A630FD52-C3C6-446F-ACF2-F70E34950399}
		{857C7FD0-7777-467D-872E-B7B7C6327238} = {A630FD52-C3C6-446F-ACF2-F70E34950399}
	EndGlobalSection
EndGlobal
